# This file is automatically @generated by Cargo.
# It is not intended for manual editing.
version = 3

[[package]]
name = "a"
version = "0.1.0"
dependencies = [
 "b",
 "c",
]

[[package]]
name = "b"
version = "0.1.0"
source = "sparse+http://localhost:8080/registry-y/"
checksum = "60ef747e8123b72d45087f6f81e5a77acc986b242ebdde7a8d9bcca49aebf7b7"
dependencies = [
 "c",
]

[[package]]
name = "c"
version = "0.1.0"
source = "sparse+http://localhost:8080/registry-y/"
checksum = "586e82fcff1090648595de5ab1327eb3f5edb38ce1a2b2435d175a239226348e"
