# This file is automatically @generated by Cargo.
# It is not intended for manual editing.
version = 3

[[package]]
name = "a"
version = "0.1.0"
dependencies = [
 "b",
 "c 0.1.0 (sparse+http://localhost:8080/registry-y/)",
]

[[package]]
name = "b"
version = "0.1.0"
source = "sparse+http://localhost:8080/registry-y/"
checksum = "c2773b3d8ed96d3bdb3aaf2e5bdf366c0238b72a7dcd0be06abfcff48d573a09"
dependencies = [
 "c 0.1.0 (sparse+http://localhost:8080/registry-x/)",
]

[[package]]
name = "c"
version = "0.1.0"
source = "sparse+http://localhost:8080/registry-x/"
checksum = "c6966d4186c34729fdae0788126856ec8e18da674ab73e5fa360a09058058e39"

[[package]]
name = "c"
version = "0.1.0"
source = "sparse+http://localhost:8080/registry-y/"
checksum = "c6966d4186c34729fdae0788126856ec8e18da674ab73e5fa360a09058058e39"
